
Microsoft Visual Studio Solution File, Format Version 12.00
# Visual Studio Version 17
VisualStudioVersion = 17.7.34031.279
MinimumVisualStudioVersion = 10.0.40219.1
Project("{FAE04EC0-301F-11D3-BF4B-00C04F79EFBC}") = "inheritance45", "inheritance45.csproj", "{0AE6901B-CF12-47B4-B175-175556824171}"
EndProject
Global
	GlobalSection(SolutionConfigurationPlatforms) = preSolution
		Debug|Any CPU = Debug|Any CPU
		Release|Any CPU = Release|Any CPU
	EndGlobalSection
	GlobalSection(ProjectConfigurationPlatforms) = postSolution
		{0AE6901B-CF12-47B4-B175-175556824171}.Debug|Any CPU.ActiveCfg = Debug|Any CPU
		{0AE6901B-CF12-47B4-B175-175556824171}.Debug|Any CPU.Build.0 = Debug|Any CPU
		{0AE6901B-CF12-47B4-B175-175556824171}.Release|Any CPU.ActiveCfg = Release|Any CPU
		{0AE6901B-CF12-47B4-B175-175556824171}.Release|Any CPU.Build.0 = Release|Any CPU
	EndGlobalSection
	GlobalSection(SolutionProperties) = preSolution
		HideSolutionNode = FALSE
	EndGlobalSection
	GlobalSection(ExtensibilityGlobals) = postSolution
		SolutionGuid = {10A852A0-7CC2-4414-A809-E797388702DE}
	EndGlobalSection
EndGlobal
